
Microsoft Visual Studio Solution File, Format Version 12.00
# Visual Studio Version 16
VisualStudioVersion = 16.0.30611.23
MinimumVisualStudioVersion = 10.0.40219.1
Project("{9A19103F-16F7-4668-BE54-9A1E7A4F7556}") = "Prevent22.Server", "Prevent22\Server\Prevent22.Server.csproj", "{1BF8D290-5264-4147-ABB2-7C4378B62B95}"
EndProject
Project("{9A19103F-16F7-4668-BE54-9A1E7A4F7556}") = "Prevent22.Client", "Prevent22\Client\Prevent22.Client.csproj", "{9F0A8D6A-9071-4C99-9544-04F98E911490}"
EndProject
Project("{9A19103F-16F7-4668-BE54-9A1E7A4F7556}") = "Prevent22.Shared", "Prevent22\Shared\Prevent22.Shared.csproj", "{71408814-6C1F-4E22-B2C4-380078E8495A}"
EndProject
Project("{2150E333-8FDC-42A3-9474-1A3956D46DE8}") = "Solution Items", "Solution Items", "{E08F4C8F-74D4-41E1-ABF7-4122AB3D96C1}"
	ProjectSection(SolutionItems) = preProject
		.gitignore = .gitignore
	EndProjectSection
EndProject
Global
	GlobalSection(SolutionConfigurationPlatforms) = preSolution
		Debug|Any CPU = Debug|Any CPU
		Release|Any CPU = Release|Any CPU
	EndGlobalSection
	GlobalSection(ProjectConfigurationPlatforms) = postSolution
		{1BF8D290-5264-4147-ABB2-7C4378B62B95}.Debug|Any CPU.ActiveCfg = Debug|Any CPU
		{1BF8D290-5264-4147-ABB2-7C4378B62B95}.Debug|Any CPU.Build.0 = Debug|Any CPU
		{1BF8D290-5264-4147-ABB2-7C4378B62B95}.Release|Any CPU.ActiveCfg = Release|Any CPU
		{1BF8D290-5264-4147-ABB2-7C4378B62B95}.Release|Any CPU.Build.0 = Release|Any CPU
		{9F0A8D6A-9071-4C99-9544-04F98E911490}.Debug|Any CPU.ActiveCfg = Debug|Any CPU
		{9F0A8D6A-9071-4C99-9544-04F98E911490}.Debug|Any CPU.Build.0 = Debug|Any CPU
		{9F0A8D6A-9071-4C99-9544-04F98E911490}.Release|Any CPU.ActiveCfg = Release|Any CPU
		{9F0A8D6A-9071-4C99-9544-04F98E911490}.Release|Any CPU.Build.0 = Release|Any CPU
		{71408814-6C1F-4E22-B2C4-380078E8495A}.Debug|Any CPU.ActiveCfg = Debug|Any CPU
		{71408814-6C1F-4E22-B2C4-380078E8495A}.Debug|Any CPU.Build.0 = Debug|Any CPU
		{71408814-6C1F-4E22-B2C4-380078E8495A}.Release|Any CPU.ActiveCfg = Release|Any CPU
		{71408814-6C1F-4E22-B2C4-380078E8495A}.Release|Any CPU.Build.0 = Release|Any CPU
	EndGlobalSection
	GlobalSection(SolutionProperties) = preSolution
		HideSolutionNode = FALSE
	EndGlobalSection
	GlobalSection(ExtensibilityGlobals) = postSolution
		SolutionGuid = {8CD74D41-9CA3-460E-9A4A-12B877625433}
	EndGlobalSection
EndGlobal
